
Microsoft Visual Studio Solution File, Format Version 12.00
# Visual Studio 15
VisualStudioVersion = 15.0.28307.645
MinimumVisualStudioVersion = 10.0.40219.1
Project("{FAE04EC0-301F-11D3-BF4B-00C04F79EFBC}") = "GettersAndSetters", "GettersAndSetters\GettersAndSetters.csproj", "{C21C6415-5F71-47F1-87A6-B69A0659CDCD}"
EndProject
Global
	GlobalSection(SolutionConfigurationPlatforms) = preSolution
		Debug|Any CPU = Debug|Any CPU
		Release|Any CPU = Release|Any CPU
	EndGlobalSection
	GlobalSection(ProjectConfigurationPlatforms) = postSolution
		{C21C6415-5F71-47F1-87A6-B69A0659CDCD}.Debug|Any CPU.ActiveCfg = Debug|Any CPU
		{C21C6415-5F71-47F1-87A6-B69A0659CDCD}.Debug|Any CPU.Build.0 = Debug|Any CPU
		{C21C6415-5F71-47F1-87A6-B69A0659CDCD}.Release|Any CPU.ActiveCfg = Release|Any CPU
		{C21C6415-5F71-47F1-87A6-B69A0659CDCD}.Release|Any CPU.Build.0 = Release|Any CPU
	EndGlobalSection
	GlobalSection(SolutionProperties) = preSolution
		HideSolutionNode = FALSE
	EndGlobalSection
	GlobalSection(ExtensibilityGlobals) = postSolution
		SolutionGuid = {1FD804B3-3D0F-47A6-9F4A-4A4A4F5D85E1}
	EndGlobalSection
EndGlobal
